
Microsoft Visual Studio Solution File, Format Version 12.00
# Visual Studio Version 17
VisualStudioVersion = 17.9.34503.125
MinimumVisualStudioVersion = 10.0.40219.1
Project("{FAE04EC0-301F-11D3-BF4B-00C04F79EFBC}") = "ConsoleApp20", "ConsoleApp20\ConsoleApp20.csproj", "{21097E78-AB6B-4033-9A7E-6D3C76DBA14A}"
EndProject
Global
	GlobalSection(SolutionConfigurationPlatforms) = preSolution
		Debug|Any CPU = Debug|Any CPU
		Release|Any CPU = Release|Any CPU
	EndGlobalSection
	GlobalSection(ProjectConfigurationPlatforms) = postSolution
		{21097E78-AB6B-4033-9A7E-6D3C76DBA14A}.Debug|Any CPU.ActiveCfg = Debug|Any CPU
		{21097E78-AB6B-4033-9A7E-6D3C76DBA14A}.Debug|Any CPU.Build.0 = Debug|Any CPU
		{21097E78-AB6B-4033-9A7E-6D3C76DBA14A}.Release|Any CPU.ActiveCfg = Release|Any CPU
		{21097E78-AB6B-4033-9A7E-6D3C76DBA14A}.Release|Any CPU.Build.0 = Release|Any CPU
	EndGlobalSection
	GlobalSection(SolutionProperties) = preSolution
		HideSolutionNode = FALSE
	EndGlobalSection
	GlobalSection(ExtensibilityGlobals) = postSolution
		SolutionGuid = {02BA1D46-3F98-456C-8B67-8B130E394B94}
	EndGlobalSection
EndGlobal
